
Microsoft Visual Studio Solution File, Format Version 12.00
Project("{2150E333-8FDC-42A3-9474-1A3956D46DE8}") = "Infrastructure", "Infrastructure", "{97ACE381-4E1B-4E8D-9D66-C581852C24DA}"
EndProject
Project("{2150E333-8FDC-42A3-9474-1A3956D46DE8}") = "Equipments", "Equipments", "{2AB4712F-AA77-4EF8-A0E5-8AF681D2E946}"
EndProject
Project("{FAE04EC0-301F-11D3-BF4B-00C04F79EFBC}") = "Equipments.Core", "Equipments\Equipments.Core\Equipments.Core.csproj", "{48410B47-E21A-44E9-AC21-0BF680F3A668}"
EndProject
Project("{FAE04EC0-301F-11D3-BF4B-00C04F79EFBC}") = "Equipments.Core.Unit.Tests", "Equipments\Equipments.Core.Unit.Tests\Equipments.Core.Unit.Tests.csproj", "{04A49E38-9A57-4732-A950-783BA4860981}"
EndProject
Project("{2150E333-8FDC-42A3-9474-1A3956D46DE8}") = "RawMaterials", "RawMaterials", "{3F75588D-0478-4F95-A9BF-0EB3DEE53990}"
EndProject
Project("{FAE04EC0-301F-11D3-BF4B-00C04F79EFBC}") = "RawMaterials.Core", "RawMaterials\RawMaterials.Core\RawMaterials.Core.csproj", "{522D557E-C45D-4AA8-8476-35F26526AD65}"
EndProject
Project("{2150E333-8FDC-42A3-9474-1A3956D46DE8}") = "SharedProjects", "SharedProjects", "{F8A5B382-2BAD-495E-8524-941CDD679A80}"
EndProject
Project("{FAE04EC0-301F-11D3-BF4B-00C04F79EFBC}") = "Blocks.Shared", "SharedProjects\Blocks.Shared\Blocks.Shared.csproj", "{3A80D994-9725-4ACF-B596-0CFC1333D49C}"
EndProject
Project("{2150E333-8FDC-42A3-9474-1A3956D46DE8}") = "Inventory", "Inventory", "{31D39FF3-EE8F-4628-B13E-515F08CCD59C}"
EndProject
Project("{FAE04EC0-301F-11D3-BF4B-00C04F79EFBC}") = "Inventory.Core", "Inventory\Inventory.Core\Inventory.Core.csproj", "{E9F5D9F7-39DA-4355-B079-8F32ECB95E7F}"
EndProject
Project("{FAE04EC0-301F-11D3-BF4B-00C04F79EFBC}") = "Inventory.Infrastructure", "Inventory\Inventory.Infrastructure\Inventory.Infrastructure.csproj", "{7809575D-BDC4-42C8-AC36-16612681D12B}"
EndProject
Project("{FAE04EC0-301F-11D3-BF4B-00C04F79EFBC}") = "Inventory.Contracts", "Inventory\Inventory.Contracts\Inventory.Contracts.csproj", "{78A75AC4-8934-4B2B-A17F-FE5B51090A92}"
EndProject
Project("{FAE04EC0-301F-11D3-BF4B-00C04F79EFBC}") = "Blocks.MongoDb", "SharedProjects\Blocks.MongoDb\Blocks.MongoDb.csproj", "{D2A4EAE8-2C68-428C-A2D2-9F339461E877}"
EndProject
Project("{FAE04EC0-301F-11D3-BF4B-00C04F79EFBC}") = "Blocks.MongoDB.Tests", "SharedProjects\Blocks.MongoDB.Tests\Blocks.MongoDB.Tests.csproj", "{29A237C9-2821-4A56-9B4C-1526F58B3B33}"
EndProject
Project("{FAE04EC0-301F-11D3-BF4B-00C04F79EFBC}") = "Inventory.Application", "Inventory\Inventory.Application\Inventory.Application.csproj", "{48AE060A-420B-426E-B4A8-D6E3925E0E44}"
EndProject
Project("{FAE04EC0-301F-11D3-BF4B-00C04F79EFBC}") = "Inventory.WebApi", "Inventory\Inventory.WebApi\Inventory.WebApi.csproj", "{0E7B6EC1-6578-4E5E-AC7E-63393916291C}"
EndProject
Project("{2150E333-8FDC-42A3-9474-1A3956D46DE8}") = "Production", "Production", "{E4E43F9E-E1AA-4F1A-BB3C-26398AB6223C}"
EndProject
Project("{FAE04EC0-301F-11D3-BF4B-00C04F79EFBC}") = "Production.Core", "Production\Production.Core\Production.Core.csproj", "{DFCE833E-1451-4028-B3E2-B851F2B0C036}"
EndProject
Project("{2150E333-8FDC-42A3-9474-1A3956D46DE8}") = "Sales", "Sales", "{8864C75A-91B2-42BD-903B-4FB853914272}"
EndProject
Project("{FAE04EC0-301F-11D3-BF4B-00C04F79EFBC}") = "Sales.Core", "Sales\Sales.Core\Sales.Core.csproj", "{EF75BA69-2F9D-454F-BD91-627C38D43336}"
EndProject
Project("{FAE04EC0-301F-11D3-BF4B-00C04F79EFBC}") = "Inventory.Core.Unit.Tests", "Inventory\Inventory.Core.Unit.Tests\Inventory.Core.Unit.Tests.csproj", "{6B9D41D3-1FDF-4B5E-8764-32CEDE7A5007}"
EndProject
Global
	GlobalSection(SolutionConfigurationPlatforms) = preSolution
		Debug|Any CPU = Debug|Any CPU
		Release|Any CPU = Release|Any CPU
	EndGlobalSection
	GlobalSection(NestedProjects) = preSolution
		{48410B47-E21A-44E9-AC21-0BF680F3A668} = {2AB4712F-AA77-4EF8-A0E5-8AF681D2E946}
		{04A49E38-9A57-4732-A950-783BA4860981} = {2AB4712F-AA77-4EF8-A0E5-8AF681D2E946}
		{522D557E-C45D-4AA8-8476-35F26526AD65} = {3F75588D-0478-4F95-A9BF-0EB3DEE53990}
		{3A80D994-9725-4ACF-B596-0CFC1333D49C} = {F8A5B382-2BAD-495E-8524-941CDD679A80}
		{E9F5D9F7-39DA-4355-B079-8F32ECB95E7F} = {31D39FF3-EE8F-4628-B13E-515F08CCD59C}
		{7809575D-BDC4-42C8-AC36-16612681D12B} = {31D39FF3-EE8F-4628-B13E-515F08CCD59C}
		{78A75AC4-8934-4B2B-A17F-FE5B51090A92} = {31D39FF3-EE8F-4628-B13E-515F08CCD59C}
		{D2A4EAE8-2C68-428C-A2D2-9F339461E877} = {F8A5B382-2BAD-495E-8524-941CDD679A80}
		{29A237C9-2821-4A56-9B4C-1526F58B3B33} = {F8A5B382-2BAD-495E-8524-941CDD679A80}
		{48AE060A-420B-426E-B4A8-D6E3925E0E44} = {31D39FF3-EE8F-4628-B13E-515F08CCD59C}
		{0E7B6EC1-6578-4E5E-AC7E-63393916291C} = {31D39FF3-EE8F-4628-B13E-515F08CCD59C}
		{DFCE833E-1451-4028-B3E2-B851F2B0C036} = {E4E43F9E-E1AA-4F1A-BB3C-26398AB6223C}
		{EF75BA69-2F9D-454F-BD91-627C38D43336} = {8864C75A-91B2-42BD-903B-4FB853914272}
		{6B9D41D3-1FDF-4B5E-8764-32CEDE7A5007} = {31D39FF3-EE8F-4628-B13E-515F08CCD59C}
	EndGlobalSection
	GlobalSection(ProjectConfigurationPlatforms) = postSolution
		{48410B47-E21A-44E9-AC21-0BF680F3A668}.Debug|Any CPU.ActiveCfg = Debug|Any CPU
		{48410B47-E21A-44E9-AC21-0BF680F3A668}.Debug|Any CPU.Build.0 = Debug|Any CPU
		{48410B47-E21A-44E9-AC21-0BF680F3A668}.Release|Any CPU.ActiveCfg = Release|Any CPU
		{48410B47-E21A-44E9-AC21-0BF680F3A668}.Release|Any CPU.Build.0 = Release|Any CPU
		{04A49E38-9A57-4732-A950-783BA4860981}.Debug|Any CPU.ActiveCfg = Debug|Any CPU
		{04A49E38-9A57-4732-A950-783BA4860981}.Debug|Any CPU.Build.0 = Debug|Any CPU
		{04A49E38-9A57-4732-A950-783BA4860981}.Release|Any CPU.ActiveCfg = Release|Any CPU
		{04A49E38-9A57-4732-A950-783BA4860981}.Release|Any CPU.Build.0 = Release|Any CPU
		{522D557E-C45D-4AA8-8476-35F26526AD65}.Debug|Any CPU.ActiveCfg = Debug|Any CPU
		{522D557E-C45D-4AA8-8476-35F26526AD65}.Debug|Any CPU.Build.0 = Debug|Any CPU
		{522D557E-C45D-4AA8-8476-35F26526AD65}.Release|Any CPU.ActiveCfg = Release|Any CPU
		{522D557E-C45D-4AA8-8476-35F26526AD65}.Release|Any CPU.Build.0 = Release|Any CPU
		{3A80D994-9725-4ACF-B596-0CFC1333D49C}.Debug|Any CPU.ActiveCfg = Debug|Any CPU
		{3A80D994-9725-4ACF-B596-0CFC1333D49C}.Debug|Any CPU.Build.0 = Debug|Any CPU
		{3A80D994-9725-4ACF-B596-0CFC1333D49C}.Release|Any CPU.ActiveCfg = Release|Any CPU
		{3A80D994-9725-4ACF-B596-0CFC1333D49C}.Release|Any CPU.Build.0 = Release|Any CPU
		{E9F5D9F7-39DA-4355-B079-8F32ECB95E7F}.Debug|Any CPU.ActiveCfg = Debug|Any CPU
		{E9F5D9F7-39DA-4355-B079-8F32ECB95E7F}.Debug|Any CPU.Build.0 = Debug|Any CPU
		{E9F5D9F7-39DA-4355-B079-8F32ECB95E7F}.Release|Any CPU.ActiveCfg = Release|Any CPU
		{E9F5D9F7-39DA-4355-B079-8F32ECB95E7F}.Release|Any CPU.Build.0 = Release|Any CPU
		{7809575D-BDC4-42C8-AC36-16612681D12B}.Debug|Any CPU.ActiveCfg = Debug|Any CPU
		{7809575D-BDC4-42C8-AC36-16612681D12B}.Debug|Any CPU.Build.0 = Debug|Any CPU
		{7809575D-BDC4-42C8-AC36-16612681D12B}.Release|Any CPU.ActiveCfg = Release|Any CPU
		{7809575D-BDC4-42C8-AC36-16612681D12B}.Release|Any CPU.Build.0 = Release|Any CPU
		{78A75AC4-8934-4B2B-A17F-FE5B51090A92}.Debug|Any CPU.ActiveCfg = Debug|Any CPU
		{78A75AC4-8934-4B2B-A17F-FE5B51090A92}.Debug|Any CPU.Build.0 = Debug|Any CPU
		{78A75AC4-8934-4B2B-A17F-FE5B51090A92}.Release|Any CPU.ActiveCfg = Release|Any CPU
		{78A75AC4-8934-4B2B-A17F-FE5B51090A92}.Release|Any CPU.Build.0 = Release|Any CPU
		{D2A4EAE8-2C68-428C-A2D2-9F339461E877}.Debug|Any CPU.ActiveCfg = Debug|Any CPU
		{D2A4EAE8-2C68-428C-A2D2-9F339461E877}.Debug|Any CPU.Build.0 = Debug|Any CPU
		{D2A4EAE8-2C68-428C-A2D2-9F339461E877}.Release|Any CPU.ActiveCfg = Release|Any CPU
		{D2A4EAE8-2C68-428C-A2D2-9F339461E877}.Release|Any CPU.Build.0 = Release|Any CPU
		{29A237C9-2821-4A56-9B4C-1526F58B3B33}.Debug|Any CPU.ActiveCfg = Debug|Any CPU
		{29A237C9-2821-4A56-9B4C-1526F58B3B33}.Debug|Any CPU.Build.0 = Debug|Any CPU
		{29A237C9-2821-4A56-9B4C-1526F58B3B33}.Release|Any CPU.ActiveCfg = Release|Any CPU
		{29A237C9-2821-4A56-9B4C-1526F58B3B33}.Release|Any CPU.Build.0 = Release|Any CPU
		{48AE060A-420B-426E-B4A8-D6E3925E0E44}.Debug|Any CPU.ActiveCfg = Debug|Any CPU
		{48AE060A-420B-426E-B4A8-D6E3925E0E44}.Debug|Any CPU.Build.0 = Debug|Any CPU
		{48AE060A-420B-426E-B4A8-D6E3925E0E44}.Release|Any CPU.ActiveCfg = Release|Any CPU
		{48AE060A-420B-426E-B4A8-D6E3925E0E44}.Release|Any CPU.Build.0 = Release|Any CPU
		{0E7B6EC1-6578-4E5E-AC7E-63393916291C}.Debug|Any CPU.ActiveCfg = Debug|Any CPU
		{0E7B6EC1-6578-4E5E-AC7E-63393916291C}.Debug|Any CPU.Build.0 = Debug|Any CPU
		{0E7B6EC1-6578-4E5E-AC7E-63393916291C}.Release|Any CPU.ActiveCfg = Release|Any CPU
		{0E7B6EC1-6578-4E5E-AC7E-63393916291C}.Release|Any CPU.Build.0 = Release|Any CPU
		{DFCE833E-1451-4028-B3E2-B851F2B0C036}.Debug|Any CPU.ActiveCfg = Debug|Any CPU
		{DFCE833E-1451-4028-B3E2-B851F2B0C036}.Debug|Any CPU.Build.0 = Debug|Any CPU
		{DFCE833E-1451-4028-B3E2-B851F2B0C036}.Release|Any CPU.ActiveCfg = Release|Any CPU
		{DFCE833E-1451-4028-B3E2-B851F2B0C036}.Release|Any CPU.Build.0 = Release|Any CPU
		{EF75BA69-2F9D-454F-BD91-627C38D43336}.Debug|Any CPU.ActiveCfg = Debug|Any CPU
		{EF75BA69-2F9D-454F-BD91-627C38D43336}.Debug|Any CPU.Build.0 = Debug|Any CPU
		{EF75BA69-2F9D-454F-BD91-627C38D43336}.Release|Any CPU.ActiveCfg = Release|Any CPU
		{EF75BA69-2F9D-454F-BD91-627C38D43336}.Release|Any CPU.Build.0 = Release|Any CPU
		{6B9D41D3-1FDF-4B5E-8764-32CEDE7A5007}.Debug|Any CPU.ActiveCfg = Debug|Any CPU
		{6B9D41D3-1FDF-4B5E-8764-32CEDE7A5007}.Debug|Any CPU.Build.0 = Debug|Any CPU
		{6B9D41D3-1FDF-4B5E-8764-32CEDE7A5007}.Release|Any CPU.ActiveCfg = Release|Any CPU
		{6B9D41D3-1FDF-4B5E-8764-32CEDE7A5007}.Release|Any CPU.Build.0 = Release|Any CPU
	EndGlobalSection
EndGlobal
