
Microsoft Visual Studio Solution File, Format Version 12.00
Project("{2150E333-8FDC-42A3-9474-1A3956D46DE8}") = "Infrastructure", "Infrastructure", "{97ACE381-4E1B-4E8D-9D66-C581852C24DA}"
EndProject
Project("{2150E333-8FDC-42A3-9474-1A3956D46DE8}") = "Equipments", "Equipments", "{2AB4712F-AA77-4EF8-A0E5-8AF681D2E946}"
EndProject
Project("{FAE04EC0-301F-11D3-BF4B-00C04F79EFBC}") = "Equipments.Core", "Equipments\Equipments.Core\Equipments.Core.csproj", "{48410B47-E21A-44E9-AC21-0BF680F3A668}"
EndProject
Project("{FAE04EC0-301F-11D3-BF4B-00C04F79EFBC}") = "Equipments.Core.Unit.Tests", "Equipments\Equipments.Core.Unit.Tests\Equipments.Core.Unit.Tests.csproj", "{04A49E38-9A57-4732-A950-783BA4860981}"
EndProject
Project("{2150E333-8FDC-42A3-9474-1A3956D46DE8}") = "RawMaterials", "RawMaterials", "{3F75588D-0478-4F95-A9BF-0EB3DEE53990}"
EndProject
Project("{FAE04EC0-301F-11D3-BF4B-00C04F79EFBC}") = "RawMaterials.Core", "RawMaterials\RawMaterials.Core\RawMaterials.Core.csproj", "{522D557E-C45D-4AA8-8476-35F26526AD65}"
EndProject
Project("{2150E333-8FDC-42A3-9474-1A3956D46DE8}") = "SharedProjects", "SharedProjects", "{F8A5B382-2BAD-495E-8524-941CDD679A80}"
EndProject
Project("{FAE04EC0-301F-11D3-BF4B-00C04F79EFBC}") = "Blocks.Shared", "SharedProjects\Blocks.Shared\Blocks.Shared.csproj", "{3A80D994-9725-4ACF-B596-0CFC1333D49C}"
EndProject
Project("{2150E333-8FDC-42A3-9474-1A3956D46DE8}") = "Inventory", "Inventory", "{31D39FF3-EE8F-4628-B13E-515F08CCD59C}"
EndProject
Project("{FAE04EC0-301F-11D3-BF4B-00C04F79EFBC}") = "Inventory.Core", "Inventory\Inventory.Core\Inventory.Core.csproj", "{E9F5D9F7-39DA-4355-B079-8F32ECB95E7F}"
EndProject
Project("{FAE04EC0-301F-11D3-BF4B-00C04F79EFBC}") = "Inventory.Infrastructure", "Inventory\Inventory.Infrastructure\Inventory.Infrastructure.csproj", "{7809575D-BDC4-42C8-AC36-16612681D12B}"
EndProject
Project("{FAE04EC0-301F-11D3-BF4B-00C04F79EFBC}") = "Inventory.Contracts", "Inventory\Inventory.Contracts\Inventory.Contracts.csproj", "{78A75AC4-8934-4B2B-A17F-FE5B51090A92}"
EndProject
Project("{FAE04EC0-301F-11D3-BF4B-00C04F79EFBC}") = "Blocks.MongoDb", "SharedProjects\Blocks.MongoDb\Blocks.MongoDb.csproj", "{D2A4EAE8-2C68-428C-A2D2-9F339461E877}"
EndProject
Project("{FAE04EC0-301F-11D3-BF4B-00C04F79EFBC}") = "Blocks.MongoDB.Tests", "SharedProjects\Blocks.MongoDB.Tests\Blocks.MongoDB.Tests.csproj", "{29A237C9-2821-4A56-9B4C-1526F58B3B33}"
EndProject
Project("{FAE04EC0-301F-11D3-BF4B-00C04F79EFBC}") = "Inventory.Application", "Inventory\Inventory.Application\Inventory.Application.csproj", "{48AE060A-420B-426E-B4A8-D6E3925E0E44}"
EndProject
Project("{FAE04EC0-301F-11D3-BF4B-00C04F79EFBC}") = "Inventory.WebApi", "Inventory\Inventory.WebApi\Inventory.WebApi.csproj", "{0E7B6EC1-6578-4E5E-AC7E-63393916291C}"
EndProject
Project("{2150E333-8FDC-42A3-9474-1A3956D46DE8}") = "Production", "Production", "{E4E43F9E-E1AA-4F1A-BB3C-26398AB6223C}"
EndProject
Project("{FAE04EC0-301F-11D3-BF4B-00C04F79EFBC}") = "Production.Core", "Production\Production.Core\Production.Core.csproj", "{DFCE833E-1451-4028-B3E2-B851F2B0C036}"
EndProject
Project("{2150E333-8FDC-42A3-9474-1A3956D46DE8}") = "Sales", "Sales", "{8864C75A-91B2-42BD-903B-4FB853914272}"
EndProject
Project("{FAE04EC0-301F-11D3-BF4B-00C04F79EFBC}") = "Sales.Core", "Sales\Sales.Core\Sales.Core.csproj", "{EF75BA69-2F9D-454F-BD91-627C38D43336}"
EndProject
Project("{FAE04EC0-301F-11D3-BF4B-00C04F79EFBC}") = "Inventory.Core.Unit.Tests", "Inventory\Inventory.Core.Unit.Tests\Inventory.Core.Unit.Tests.csproj", "{6B9D41D3-1FDF-4B5E-8764-32CEDE7A5007}"
EndProject
Project("{FAE04EC0-301F-11D3-BF4B-00C04F79EFBC}") = "RawMaterials.Core.Unit.tests", "RawMaterials\RawMaterials.Core.Unit.tests\RawMaterials.Core.Unit.tests.csproj", "{E7E1D4F2-EBF8-432E-AD1B-0853C120BFD4}"
EndProject
Project("{FAE04EC0-301F-11D3-BF4B-00C04F79EFBC}") = "RawMaterials.Infrastructure", "RawMaterials\RawMaterials.Infrastructure\RawMaterials.Infrastructure.csproj", "{DB695E5C-DB01-4929-9897-6E8F9E9A6A93}"
EndProject
Project("{FAE04EC0-301F-11D3-BF4B-00C04F79EFBC}") = "RawMaterials.Application", "RawMaterials\RawMaterials.Application\RawMaterials.Application.csproj", "{D9C40EDF-8524-4B2F-A03A-5A5C12BD3A5E}"
EndProject
Project("{FAE04EC0-301F-11D3-BF4B-00C04F79EFBC}") = "RawMaterials.Contracts", "RawMaterials\RawMaterials.Contracts\RawMaterials.Contracts.csproj", "{2A56C804-18F0-4749-A7CF-C1AE4CC9A471}"
EndProject
Project("{FAE04EC0-301F-11D3-BF4B-00C04F79EFBC}") = "RawMaterials.Web.Api", "RawMaterials\RawMaterials.Web.Api\RawMaterials.Web.Api.csproj", "{08B47CC1-8D42-44C6-9CC6-81A345DCF4CB}"
EndProject
Project("{FAE04EC0-301F-11D3-BF4B-00C04F79EFBC}") = "Production.Infrastructure", "Production\Production.Infrastructure\Production.Infrastructure.csproj", "{9BFE6FFE-8DD4-4EAB-88A5-9183DCCDE15B}"
EndProject
Project("{FAE04EC0-301F-11D3-BF4B-00C04F79EFBC}") = "Production.Application", "Production\Production.Application\Production.Application.csproj", "{E380727B-A006-43C8-9960-3D3AFD7545E3}"
EndProject
Project("{FAE04EC0-301F-11D3-BF4B-00C04F79EFBC}") = "Production.Core.Unit.Tests", "Production\Production.Core.Unit.Tests\Production.Core.Unit.Tests.csproj", "{F5E1DBE6-5CE0-4ABC-B323-B6E2681268FF}"
EndProject
Project("{FAE04EC0-301F-11D3-BF4B-00C04F79EFBC}") = "Production.WebApi", "Production\Production.WebApi\Production.WebApi.csproj", "{5484B53E-316C-41AB-B86C-4F8AD860437A}"
EndProject
Project("{FAE04EC0-301F-11D3-BF4B-00C04F79EFBC}") = "Sales.WebApi", "Sales\Sales.WebApi\Sales.WebApi.csproj", "{25A4245C-B1F0-4B00-9624-3B16043EDE3E}"
EndProject
Project("{FAE04EC0-301F-11D3-BF4B-00C04F79EFBC}") = "Sales.Infrastructure", "Sales\Sales.Infrastructure\Sales.Infrastructure.csproj", "{D755841A-C29F-4377-AD8A-D98E991198B0}"
EndProject
Project("{FAE04EC0-301F-11D3-BF4B-00C04F79EFBC}") = "Sales.Application", "Sales\Sales.Application\Sales.Application.csproj", "{AD72F2C7-9A0D-4D32-8272-71413F4FA017}"
EndProject
Project("{FAE04EC0-301F-11D3-BF4B-00C04F79EFBC}") = "Sales.Core.Unit.Tests", "Sales\Sales.Core.Unit.Tests\Sales.Core.Unit.Tests.csproj", "{BE722B72-E5BA-4483-8980-CFD755A90761}"
EndProject
Project("{FAE04EC0-301F-11D3-BF4B-00C04F79EFBC}") = "Equipments.Infrastructure", "Equipments\Equipments.Infrastructure\Equipments.Infrastructure.csproj", "{F4DB5104-6546-4733-9763-E6D353CF7DF6}"
EndProject
Project("{FAE04EC0-301F-11D3-BF4B-00C04F79EFBC}") = "Equipments.Application", "Equipments\Equipments.Application\Equipments.Application.csproj", "{C4714117-208C-42A4-A86B-7F1A694465D5}"
EndProject
Project("{FAE04EC0-301F-11D3-BF4B-00C04F79EFBC}") = "Equipments.WebApi", "Equipments\Equipments.WebApi\Equipments.WebApi.csproj", "{2C50789C-C342-4F0C-A536-E0505E18E49C}"
EndProject
Project("{FAE04EC0-301F-11D3-BF4B-00C04F79EFBC}") = "Blocks.Shared.Contracts", "SharedProjects\Blocks.Shared.Contracts\Blocks.Shared.Contracts.csproj", "{1E678544-7AAC-4117-BE32-51DDA131A2EC}"
EndProject
Project("{2150E333-8FDC-42A3-9474-1A3956D46DE8}") = "Accounts", "Accounts", "{FAE33288-B3FC-41FC-9E58-578CF0AA097F}"
EndProject
Project("{FAE04EC0-301F-11D3-BF4B-00C04F79EFBC}") = "Accounts.Core", "Accounts\Accounts.Core\Accounts.Core.csproj", "{EA38A75D-95C5-4F6F-94F8-8DE853FF04F8}"
EndProject
Global
	GlobalSection(SolutionConfigurationPlatforms) = preSolution
		Debug|Any CPU = Debug|Any CPU
		Release|Any CPU = Release|Any CPU
	EndGlobalSection
	GlobalSection(NestedProjects) = preSolution
		{48410B47-E21A-44E9-AC21-0BF680F3A668} = {2AB4712F-AA77-4EF8-A0E5-8AF681D2E946}
		{04A49E38-9A57-4732-A950-783BA4860981} = {2AB4712F-AA77-4EF8-A0E5-8AF681D2E946}
		{522D557E-C45D-4AA8-8476-35F26526AD65} = {3F75588D-0478-4F95-A9BF-0EB3DEE53990}
		{3A80D994-9725-4ACF-B596-0CFC1333D49C} = {F8A5B382-2BAD-495E-8524-941CDD679A80}
		{E9F5D9F7-39DA-4355-B079-8F32ECB95E7F} = {31D39FF3-EE8F-4628-B13E-515F08CCD59C}
		{7809575D-BDC4-42C8-AC36-16612681D12B} = {31D39FF3-EE8F-4628-B13E-515F08CCD59C}
		{78A75AC4-8934-4B2B-A17F-FE5B51090A92} = {31D39FF3-EE8F-4628-B13E-515F08CCD59C}
		{D2A4EAE8-2C68-428C-A2D2-9F339461E877} = {F8A5B382-2BAD-495E-8524-941CDD679A80}
		{29A237C9-2821-4A56-9B4C-1526F58B3B33} = {F8A5B382-2BAD-495E-8524-941CDD679A80}
		{48AE060A-420B-426E-B4A8-D6E3925E0E44} = {31D39FF3-EE8F-4628-B13E-515F08CCD59C}
		{0E7B6EC1-6578-4E5E-AC7E-63393916291C} = {31D39FF3-EE8F-4628-B13E-515F08CCD59C}
		{DFCE833E-1451-4028-B3E2-B851F2B0C036} = {E4E43F9E-E1AA-4F1A-BB3C-26398AB6223C}
		{EF75BA69-2F9D-454F-BD91-627C38D43336} = {8864C75A-91B2-42BD-903B-4FB853914272}
		{6B9D41D3-1FDF-4B5E-8764-32CEDE7A5007} = {31D39FF3-EE8F-4628-B13E-515F08CCD59C}
		{E7E1D4F2-EBF8-432E-AD1B-0853C120BFD4} = {3F75588D-0478-4F95-A9BF-0EB3DEE53990}
		{DB695E5C-DB01-4929-9897-6E8F9E9A6A93} = {3F75588D-0478-4F95-A9BF-0EB3DEE53990}
		{D9C40EDF-8524-4B2F-A03A-5A5C12BD3A5E} = {3F75588D-0478-4F95-A9BF-0EB3DEE53990}
		{2A56C804-18F0-4749-A7CF-C1AE4CC9A471} = {3F75588D-0478-4F95-A9BF-0EB3DEE53990}
		{08B47CC1-8D42-44C6-9CC6-81A345DCF4CB} = {3F75588D-0478-4F95-A9BF-0EB3DEE53990}
		{9BFE6FFE-8DD4-4EAB-88A5-9183DCCDE15B} = {E4E43F9E-E1AA-4F1A-BB3C-26398AB6223C}
		{E380727B-A006-43C8-9960-3D3AFD7545E3} = {E4E43F9E-E1AA-4F1A-BB3C-26398AB6223C}
		{F5E1DBE6-5CE0-4ABC-B323-B6E2681268FF} = {E4E43F9E-E1AA-4F1A-BB3C-26398AB6223C}
		{5484B53E-316C-41AB-B86C-4F8AD860437A} = {E4E43F9E-E1AA-4F1A-BB3C-26398AB6223C}
		{25A4245C-B1F0-4B00-9624-3B16043EDE3E} = {8864C75A-91B2-42BD-903B-4FB853914272}
		{D755841A-C29F-4377-AD8A-D98E991198B0} = {8864C75A-91B2-42BD-903B-4FB853914272}
		{AD72F2C7-9A0D-4D32-8272-71413F4FA017} = {8864C75A-91B2-42BD-903B-4FB853914272}
		{BE722B72-E5BA-4483-8980-CFD755A90761} = {8864C75A-91B2-42BD-903B-4FB853914272}
		{F4DB5104-6546-4733-9763-E6D353CF7DF6} = {2AB4712F-AA77-4EF8-A0E5-8AF681D2E946}
		{C4714117-208C-42A4-A86B-7F1A694465D5} = {2AB4712F-AA77-4EF8-A0E5-8AF681D2E946}
		{2C50789C-C342-4F0C-A536-E0505E18E49C} = {2AB4712F-AA77-4EF8-A0E5-8AF681D2E946}
		{1E678544-7AAC-4117-BE32-51DDA131A2EC} = {F8A5B382-2BAD-495E-8524-941CDD679A80}
		{EA38A75D-95C5-4F6F-94F8-8DE853FF04F8} = {FAE33288-B3FC-41FC-9E58-578CF0AA097F}
	EndGlobalSection
	GlobalSection(ProjectConfigurationPlatforms) = postSolution
		{48410B47-E21A-44E9-AC21-0BF680F3A668}.Debug|Any CPU.ActiveCfg = Debug|Any CPU
		{48410B47-E21A-44E9-AC21-0BF680F3A668}.Debug|Any CPU.Build.0 = Debug|Any CPU
		{48410B47-E21A-44E9-AC21-0BF680F3A668}.Release|Any CPU.ActiveCfg = Release|Any CPU
		{48410B47-E21A-44E9-AC21-0BF680F3A668}.Release|Any CPU.Build.0 = Release|Any CPU
		{04A49E38-9A57-4732-A950-783BA4860981}.Debug|Any CPU.ActiveCfg = Debug|Any CPU
		{04A49E38-9A57-4732-A950-783BA4860981}.Debug|Any CPU.Build.0 = Debug|Any CPU
		{04A49E38-9A57-4732-A950-783BA4860981}.Release|Any CPU.ActiveCfg = Release|Any CPU
		{04A49E38-9A57-4732-A950-783BA4860981}.Release|Any CPU.Build.0 = Release|Any CPU
		{522D557E-C45D-4AA8-8476-35F26526AD65}.Debug|Any CPU.ActiveCfg = Debug|Any CPU
		{522D557E-C45D-4AA8-8476-35F26526AD65}.Debug|Any CPU.Build.0 = Debug|Any CPU
		{522D557E-C45D-4AA8-8476-35F26526AD65}.Release|Any CPU.ActiveCfg = Release|Any CPU
		{522D557E-C45D-4AA8-8476-35F26526AD65}.Release|Any CPU.Build.0 = Release|Any CPU
		{3A80D994-9725-4ACF-B596-0CFC1333D49C}.Debug|Any CPU.ActiveCfg = Debug|Any CPU
		{3A80D994-9725-4ACF-B596-0CFC1333D49C}.Debug|Any CPU.Build.0 = Debug|Any CPU
		{3A80D994-9725-4ACF-B596-0CFC1333D49C}.Release|Any CPU.ActiveCfg = Release|Any CPU
		{3A80D994-9725-4ACF-B596-0CFC1333D49C}.Release|Any CPU.Build.0 = Release|Any CPU
		{E9F5D9F7-39DA-4355-B079-8F32ECB95E7F}.Debug|Any CPU.ActiveCfg = Debug|Any CPU
		{E9F5D9F7-39DA-4355-B079-8F32ECB95E7F}.Debug|Any CPU.Build.0 = Debug|Any CPU
		{E9F5D9F7-39DA-4355-B079-8F32ECB95E7F}.Release|Any CPU.ActiveCfg = Release|Any CPU
		{E9F5D9F7-39DA-4355-B079-8F32ECB95E7F}.Release|Any CPU.Build.0 = Release|Any CPU
		{7809575D-BDC4-42C8-AC36-16612681D12B}.Debug|Any CPU.ActiveCfg = Debug|Any CPU
		{7809575D-BDC4-42C8-AC36-16612681D12B}.Debug|Any CPU.Build.0 = Debug|Any CPU
		{7809575D-BDC4-42C8-AC36-16612681D12B}.Release|Any CPU.ActiveCfg = Release|Any CPU
		{7809575D-BDC4-42C8-AC36-16612681D12B}.Release|Any CPU.Build.0 = Release|Any CPU
		{78A75AC4-8934-4B2B-A17F-FE5B51090A92}.Debug|Any CPU.ActiveCfg = Debug|Any CPU
		{78A75AC4-8934-4B2B-A17F-FE5B51090A92}.Debug|Any CPU.Build.0 = Debug|Any CPU
		{78A75AC4-8934-4B2B-A17F-FE5B51090A92}.Release|Any CPU.ActiveCfg = Release|Any CPU
		{78A75AC4-8934-4B2B-A17F-FE5B51090A92}.Release|Any CPU.Build.0 = Release|Any CPU
		{D2A4EAE8-2C68-428C-A2D2-9F339461E877}.Debug|Any CPU.ActiveCfg = Debug|Any CPU
		{D2A4EAE8-2C68-428C-A2D2-9F339461E877}.Debug|Any CPU.Build.0 = Debug|Any CPU
		{D2A4EAE8-2C68-428C-A2D2-9F339461E877}.Release|Any CPU.ActiveCfg = Release|Any CPU
		{D2A4EAE8-2C68-428C-A2D2-9F339461E877}.Release|Any CPU.Build.0 = Release|Any CPU
		{29A237C9-2821-4A56-9B4C-1526F58B3B33}.Debug|Any CPU.ActiveCfg = Debug|Any CPU
		{29A237C9-2821-4A56-9B4C-1526F58B3B33}.Debug|Any CPU.Build.0 = Debug|Any CPU
		{29A237C9-2821-4A56-9B4C-1526F58B3B33}.Release|Any CPU.ActiveCfg = Release|Any CPU
		{29A237C9-2821-4A56-9B4C-1526F58B3B33}.Release|Any CPU.Build.0 = Release|Any CPU
		{48AE060A-420B-426E-B4A8-D6E3925E0E44}.Debug|Any CPU.ActiveCfg = Debug|Any CPU
		{48AE060A-420B-426E-B4A8-D6E3925E0E44}.Debug|Any CPU.Build.0 = Debug|Any CPU
		{48AE060A-420B-426E-B4A8-D6E3925E0E44}.Release|Any CPU.ActiveCfg = Release|Any CPU
		{48AE060A-420B-426E-B4A8-D6E3925E0E44}.Release|Any CPU.Build.0 = Release|Any CPU
		{0E7B6EC1-6578-4E5E-AC7E-63393916291C}.Debug|Any CPU.ActiveCfg = Debug|Any CPU
		{0E7B6EC1-6578-4E5E-AC7E-63393916291C}.Debug|Any CPU.Build.0 = Debug|Any CPU
		{0E7B6EC1-6578-4E5E-AC7E-63393916291C}.Release|Any CPU.ActiveCfg = Release|Any CPU
		{0E7B6EC1-6578-4E5E-AC7E-63393916291C}.Release|Any CPU.Build.0 = Release|Any CPU
		{DFCE833E-1451-4028-B3E2-B851F2B0C036}.Debug|Any CPU.ActiveCfg = Debug|Any CPU
		{DFCE833E-1451-4028-B3E2-B851F2B0C036}.Debug|Any CPU.Build.0 = Debug|Any CPU
		{DFCE833E-1451-4028-B3E2-B851F2B0C036}.Release|Any CPU.ActiveCfg = Release|Any CPU
		{DFCE833E-1451-4028-B3E2-B851F2B0C036}.Release|Any CPU.Build.0 = Release|Any CPU
		{EF75BA69-2F9D-454F-BD91-627C38D43336}.Debug|Any CPU.ActiveCfg = Debug|Any CPU
		{EF75BA69-2F9D-454F-BD91-627C38D43336}.Debug|Any CPU.Build.0 = Debug|Any CPU
		{EF75BA69-2F9D-454F-BD91-627C38D43336}.Release|Any CPU.ActiveCfg = Release|Any CPU
		{EF75BA69-2F9D-454F-BD91-627C38D43336}.Release|Any CPU.Build.0 = Release|Any CPU
		{6B9D41D3-1FDF-4B5E-8764-32CEDE7A5007}.Debug|Any CPU.ActiveCfg = Debug|Any CPU
		{6B9D41D3-1FDF-4B5E-8764-32CEDE7A5007}.Debug|Any CPU.Build.0 = Debug|Any CPU
		{6B9D41D3-1FDF-4B5E-8764-32CEDE7A5007}.Release|Any CPU.ActiveCfg = Release|Any CPU
		{6B9D41D3-1FDF-4B5E-8764-32CEDE7A5007}.Release|Any CPU.Build.0 = Release|Any CPU
		{E7E1D4F2-EBF8-432E-AD1B-0853C120BFD4}.Debug|Any CPU.ActiveCfg = Debug|Any CPU
		{E7E1D4F2-EBF8-432E-AD1B-0853C120BFD4}.Debug|Any CPU.Build.0 = Debug|Any CPU
		{E7E1D4F2-EBF8-432E-AD1B-0853C120BFD4}.Release|Any CPU.ActiveCfg = Release|Any CPU
		{E7E1D4F2-EBF8-432E-AD1B-0853C120BFD4}.Release|Any CPU.Build.0 = Release|Any CPU
		{DB695E5C-DB01-4929-9897-6E8F9E9A6A93}.Debug|Any CPU.ActiveCfg = Debug|Any CPU
		{DB695E5C-DB01-4929-9897-6E8F9E9A6A93}.Debug|Any CPU.Build.0 = Debug|Any CPU
		{DB695E5C-DB01-4929-9897-6E8F9E9A6A93}.Release|Any CPU.ActiveCfg = Release|Any CPU
		{DB695E5C-DB01-4929-9897-6E8F9E9A6A93}.Release|Any CPU.Build.0 = Release|Any CPU
		{D9C40EDF-8524-4B2F-A03A-5A5C12BD3A5E}.Debug|Any CPU.ActiveCfg = Debug|Any CPU
		{D9C40EDF-8524-4B2F-A03A-5A5C12BD3A5E}.Debug|Any CPU.Build.0 = Debug|Any CPU
		{D9C40EDF-8524-4B2F-A03A-5A5C12BD3A5E}.Release|Any CPU.ActiveCfg = Release|Any CPU
		{D9C40EDF-8524-4B2F-A03A-5A5C12BD3A5E}.Release|Any CPU.Build.0 = Release|Any CPU
		{2A56C804-18F0-4749-A7CF-C1AE4CC9A471}.Debug|Any CPU.ActiveCfg = Debug|Any CPU
		{2A56C804-18F0-4749-A7CF-C1AE4CC9A471}.Debug|Any CPU.Build.0 = Debug|Any CPU
		{2A56C804-18F0-4749-A7CF-C1AE4CC9A471}.Release|Any CPU.ActiveCfg = Release|Any CPU
		{2A56C804-18F0-4749-A7CF-C1AE4CC9A471}.Release|Any CPU.Build.0 = Release|Any CPU
		{08B47CC1-8D42-44C6-9CC6-81A345DCF4CB}.Debug|Any CPU.ActiveCfg = Debug|Any CPU
		{08B47CC1-8D42-44C6-9CC6-81A345DCF4CB}.Debug|Any CPU.Build.0 = Debug|Any CPU
		{08B47CC1-8D42-44C6-9CC6-81A345DCF4CB}.Release|Any CPU.ActiveCfg = Release|Any CPU
		{08B47CC1-8D42-44C6-9CC6-81A345DCF4CB}.Release|Any CPU.Build.0 = Release|Any CPU
		{9BFE6FFE-8DD4-4EAB-88A5-9183DCCDE15B}.Debug|Any CPU.ActiveCfg = Debug|Any CPU
		{9BFE6FFE-8DD4-4EAB-88A5-9183DCCDE15B}.Debug|Any CPU.Build.0 = Debug|Any CPU
		{9BFE6FFE-8DD4-4EAB-88A5-9183DCCDE15B}.Release|Any CPU.ActiveCfg = Release|Any CPU
		{9BFE6FFE-8DD4-4EAB-88A5-9183DCCDE15B}.Release|Any CPU.Build.0 = Release|Any CPU
		{E380727B-A006-43C8-9960-3D3AFD7545E3}.Debug|Any CPU.ActiveCfg = Debug|Any CPU
		{E380727B-A006-43C8-9960-3D3AFD7545E3}.Debug|Any CPU.Build.0 = Debug|Any CPU
		{E380727B-A006-43C8-9960-3D3AFD7545E3}.Release|Any CPU.ActiveCfg = Release|Any CPU
		{E380727B-A006-43C8-9960-3D3AFD7545E3}.Release|Any CPU.Build.0 = Release|Any CPU
		{F5E1DBE6-5CE0-4ABC-B323-B6E2681268FF}.Debug|Any CPU.ActiveCfg = Debug|Any CPU
		{F5E1DBE6-5CE0-4ABC-B323-B6E2681268FF}.Debug|Any CPU.Build.0 = Debug|Any CPU
		{F5E1DBE6-5CE0-4ABC-B323-B6E2681268FF}.Release|Any CPU.ActiveCfg = Release|Any CPU
		{F5E1DBE6-5CE0-4ABC-B323-B6E2681268FF}.Release|Any CPU.Build.0 = Release|Any CPU
		{5484B53E-316C-41AB-B86C-4F8AD860437A}.Debug|Any CPU.ActiveCfg = Debug|Any CPU
		{5484B53E-316C-41AB-B86C-4F8AD860437A}.Debug|Any CPU.Build.0 = Debug|Any CPU
		{5484B53E-316C-41AB-B86C-4F8AD860437A}.Release|Any CPU.ActiveCfg = Release|Any CPU
		{5484B53E-316C-41AB-B86C-4F8AD860437A}.Release|Any CPU.Build.0 = Release|Any CPU
		{25A4245C-B1F0-4B00-9624-3B16043EDE3E}.Debug|Any CPU.ActiveCfg = Debug|Any CPU
		{25A4245C-B1F0-4B00-9624-3B16043EDE3E}.Debug|Any CPU.Build.0 = Debug|Any CPU
		{25A4245C-B1F0-4B00-9624-3B16043EDE3E}.Release|Any CPU.ActiveCfg = Release|Any CPU
		{25A4245C-B1F0-4B00-9624-3B16043EDE3E}.Release|Any CPU.Build.0 = Release|Any CPU
		{D755841A-C29F-4377-AD8A-D98E991198B0}.Debug|Any CPU.ActiveCfg = Debug|Any CPU
		{D755841A-C29F-4377-AD8A-D98E991198B0}.Debug|Any CPU.Build.0 = Debug|Any CPU
		{D755841A-C29F-4377-AD8A-D98E991198B0}.Release|Any CPU.ActiveCfg = Release|Any CPU
		{D755841A-C29F-4377-AD8A-D98E991198B0}.Release|Any CPU.Build.0 = Release|Any CPU
		{AD72F2C7-9A0D-4D32-8272-71413F4FA017}.Debug|Any CPU.ActiveCfg = Debug|Any CPU
		{AD72F2C7-9A0D-4D32-8272-71413F4FA017}.Debug|Any CPU.Build.0 = Debug|Any CPU
		{AD72F2C7-9A0D-4D32-8272-71413F4FA017}.Release|Any CPU.ActiveCfg = Release|Any CPU
		{AD72F2C7-9A0D-4D32-8272-71413F4FA017}.Release|Any CPU.Build.0 = Release|Any CPU
		{BE722B72-E5BA-4483-8980-CFD755A90761}.Debug|Any CPU.ActiveCfg = Debug|Any CPU
		{BE722B72-E5BA-4483-8980-CFD755A90761}.Debug|Any CPU.Build.0 = Debug|Any CPU
		{BE722B72-E5BA-4483-8980-CFD755A90761}.Release|Any CPU.ActiveCfg = Release|Any CPU
		{BE722B72-E5BA-4483-8980-CFD755A90761}.Release|Any CPU.Build.0 = Release|Any CPU
		{F4DB5104-6546-4733-9763-E6D353CF7DF6}.Debug|Any CPU.ActiveCfg = Debug|Any CPU
		{F4DB5104-6546-4733-9763-E6D353CF7DF6}.Debug|Any CPU.Build.0 = Debug|Any CPU
		{F4DB5104-6546-4733-9763-E6D353CF7DF6}.Release|Any CPU.ActiveCfg = Release|Any CPU
		{F4DB5104-6546-4733-9763-E6D353CF7DF6}.Release|Any CPU.Build.0 = Release|Any CPU
		{C4714117-208C-42A4-A86B-7F1A694465D5}.Debug|Any CPU.ActiveCfg = Debug|Any CPU
		{C4714117-208C-42A4-A86B-7F1A694465D5}.Debug|Any CPU.Build.0 = Debug|Any CPU
		{C4714117-208C-42A4-A86B-7F1A694465D5}.Release|Any CPU.ActiveCfg = Release|Any CPU
		{C4714117-208C-42A4-A86B-7F1A694465D5}.Release|Any CPU.Build.0 = Release|Any CPU
		{2C50789C-C342-4F0C-A536-E0505E18E49C}.Debug|Any CPU.ActiveCfg = Debug|Any CPU
		{2C50789C-C342-4F0C-A536-E0505E18E49C}.Debug|Any CPU.Build.0 = Debug|Any CPU
		{2C50789C-C342-4F0C-A536-E0505E18E49C}.Release|Any CPU.ActiveCfg = Release|Any CPU
		{2C50789C-C342-4F0C-A536-E0505E18E49C}.Release|Any CPU.Build.0 = Release|Any CPU
		{1E678544-7AAC-4117-BE32-51DDA131A2EC}.Debug|Any CPU.ActiveCfg = Debug|Any CPU
		{1E678544-7AAC-4117-BE32-51DDA131A2EC}.Debug|Any CPU.Build.0 = Debug|Any CPU
		{1E678544-7AAC-4117-BE32-51DDA131A2EC}.Release|Any CPU.ActiveCfg = Release|Any CPU
		{1E678544-7AAC-4117-BE32-51DDA131A2EC}.Release|Any CPU.Build.0 = Release|Any CPU
		{EA38A75D-95C5-4F6F-94F8-8DE853FF04F8}.Debug|Any CPU.ActiveCfg = Debug|Any CPU
		{EA38A75D-95C5-4F6F-94F8-8DE853FF04F8}.Debug|Any CPU.Build.0 = Debug|Any CPU
		{EA38A75D-95C5-4F6F-94F8-8DE853FF04F8}.Release|Any CPU.ActiveCfg = Release|Any CPU
		{EA38A75D-95C5-4F6F-94F8-8DE853FF04F8}.Release|Any CPU.Build.0 = Release|Any CPU
	EndGlobalSection
EndGlobal
